
Microsoft Visual Studio Solution File, Format Version 12.00
# Visual Studio Version 17
VisualStudioVersion = 17.8.34525.116
MinimumVisualStudioVersion = 10.0.40219.1
Project("{FAE04EC0-301F-11D3-BF4B-00C04F79EFBC}") = "ClaseCasa2", "ClaseCasa2.csproj", "{279E6F41-0CCD-4CE8-99FE-1A56DEBA3C2D}"
EndProject
Global
	GlobalSection(SolutionConfigurationPlatforms) = preSolution
		Debug|Any CPU = Debug|Any CPU
		Release|Any CPU = Release|Any CPU
	EndGlobalSection
	GlobalSection(ProjectConfigurationPlatforms) = postSolution
		{279E6F41-0CCD-4CE8-99FE-1A56DEBA3C2D}.Debug|Any CPU.ActiveCfg = Debug|Any CPU
		{279E6F41-0CCD-4CE8-99FE-1A56DEBA3C2D}.Debug|Any CPU.Build.0 = Debug|Any CPU
		{279E6F41-0CCD-4CE8-99FE-1A56DEBA3C2D}.Release|Any CPU.ActiveCfg = Release|Any CPU
		{279E6F41-0CCD-4CE8-99FE-1A56DEBA3C2D}.Release|Any CPU.Build.0 = Release|Any CPU
	EndGlobalSection
	GlobalSection(SolutionProperties) = preSolution
		HideSolutionNode = FALSE
	EndGlobalSection
	GlobalSection(ExtensibilityGlobals) = postSolution
		SolutionGuid = {552B2C00-4B45-44E9-84F6-EEA9F03C9F4A}
	EndGlobalSection
EndGlobal
